// !$*UTF8*$!
{
	archiveVersion = 1;
	classes = {
	};
	objectVersion = 46;
	objects = {

/* Begin PBXBuildFile section */
		74271B961E2A2233004E4874 /* libxml2.tbd in Frameworks */ = {isa = PBXBuildFile; fileRef = 74271B951E2A2233004E4874 /* libxml2.tbd */; };
		BB80C8E011510492E00B2C68 /* Pods_GitBook.framework in Frameworks */ = {isa = PBXBuildFile; fileRef = FAA7F33FBCF2A2423C68469F /* Pods_GitBook.framework */; };
		D6EFB1851E29CAC700396BFB /* AppDelegate.swift in Sources */ = {isa = PBXBuildFile; fileRef = D6EFB1841E29CAC700396BFB /* AppDelegate.swift */; };
		D6EFB1871E29CAC700396BFB /* ViewController.swift in Sources */ = {isa = PBXBuildFile; fileRef = D6EFB1861E29CAC700396BFB /* ViewController.swift */; };
		D6EFB18A1E29CAC700396BFB /* Main.storyboard in Resources */ = {isa = PBXBuildFile; fileRef = D6EFB1881E29CAC700396BFB /* Main.storyboard */; };
		D6EFB18C1E29CAC700396BFB /* Assets.xcassets in Resources */ = {isa = PBXBuildFile; fileRef = D6EFB18B1E29CAC700396BFB /* Assets.xcassets */; };
		D6EFB18F1E29CAC700396BFB /* LaunchScreen.storyboard in Resources */ = {isa = PBXBuildFile; fileRef = D6EFB18D1E29CAC700396BFB /* LaunchScreen.storyboard */; };
		F7D80FCA1E2A29B500AE11D8 /* GitHubRepo.swift in Sources */ = {isa = PBXBuildFile; fileRef = F7D80FC71E2A29B500AE11D8 /* GitHubRepo.swift */; };
		F7D80FCB1E2A29B500AE11D8 /* GitHubUser.swift in Sources */ = {isa = PBXBuildFile; fileRef = F7D80FC81E2A29B500AE11D8 /* GitHubUser.swift */; };
		F7D80FCC1E2A29B500AE11D8 /* MyGitHubLogin.swift in Sources */ = {isa = PBXBuildFile; fileRef = F7D80FC91E2A29B500AE11D8 /* MyGitHubLogin.swift */; };
/* End PBXBuildFile section */

/* Begin PBXFileReference section */
		5617A0B202016AE722C6E441 /* Pods-GitBook.debug.xcconfig */ = {isa = PBXFileReference; includeInIndex = 1; lastKnownFileType = text.xcconfig; name = "Pods-GitBook.debug.xcconfig"; path = "Pods/Target Support Files/Pods-GitBook/Pods-GitBook.debug.xcconfig"; sourceTree = "<group>"; };
		74271B951E2A2233004E4874 /* libxml2.tbd */ = {isa = PBXFileReference; lastKnownFileType = "sourcecode.text-based-dylib-definition"; name = libxml2.tbd; path = usr/lib/libxml2.tbd; sourceTree = SDKROOT; };
		74271B971E2A22F3004E4874 /* GitBook-Bridging-Header.h */ = {isa = PBXFileReference; lastKnownFileType = sourcecode.c.h; path = "GitBook-Bridging-Header.h"; sourceTree = "<group>"; };
		A3E59A4A57A37EC4EB34E5FC /* Pods-GitBook.release.xcconfig */ = {isa = PBXFileReference; includeInIndex = 1; lastKnownFileType = text.xcconfig; name = "Pods-GitBook.release.xcconfig"; path = "Pods/Target Support Files/Pods-GitBook/Pods-GitBook.release.xcconfig"; sourceTree = "<group>"; };
		D6EFB1811E29CAC700396BFB /* GitBook.app */ = {isa = PBXFileReference; explicitFileType = wrapper.application; includeInIndex = 0; path = GitBook.app; sourceTree = BUILT_PRODUCTS_DIR; };
		D6EFB1841E29CAC700396BFB /* AppDelegate.swift */ = {isa = PBXFileReference; lastKnownFileType = sourcecode.swift; path = AppDelegate.swift; sourceTree = "<group>"; };
		D6EFB1861E29CAC700396BFB /* ViewController.swift */ = {isa = PBXFileReference; lastKnownFileType = sourcecode.swift; path = ViewController.swift; sourceTree = "<group>"; };
		D6EFB1891E29CAC700396BFB /* Base */ = {isa = PBXFileReference; lastKnownFileType = file.storyboard; name = Base; path = Base.lproj/Main.storyboard; sourceTree = "<group>"; };
		D6EFB18B1E29CAC700396BFB /* Assets.xcassets */ = {isa = PBXFileReference; lastKnownFileType = folder.assetcatalog; path = Assets.xcassets; sourceTree = "<group>"; };
		D6EFB18E1E29CAC700396BFB /* Base */ = {isa = PBXFileReference; lastKnownFileType = file.storyboard; name = Base; path = Base.lproj/LaunchScreen.storyboard; sourceTree = "<group>"; };
		D6EFB1901E29CAC700396BFB /* Info.plist */ = {isa = PBXFileReference; lastKnownFileType = text.plist.xml; path = Info.plist; sourceTree = "<group>"; };
		F7D80FC71E2A29B500AE11D8 /* GitHubRepo.swift */ = {isa = PBXFileReference; fileEncoding = 4; lastKnownFileType = sourcecode.swift; path = GitHubRepo.swift; sourceTree = "<group>"; };
		F7D80FC81E2A29B500AE11D8 /* GitHubUser.swift */ = {isa = PBXFileReference; fileEncoding = 4; lastKnownFileType = sourcecode.swift; path = GitHubUser.swift; sourceTree = "<group>"; };
		F7D80FC91E2A29B500AE11D8 /* MyGitHubLogin.swift */ = {isa = PBXFileReference; fileEncoding = 4; lastKnownFileType = sourcecode.swift; path = MyGitHubLogin.swift; sourceTree = "<group>"; };
		FAA7F33FBCF2A2423C68469F /* Pods_GitBook.framework */ = {isa = PBXFileReference; explicitFileType = wrapper.framework; includeInIndex = 0; path = Pods_GitBook.framework; sourceTree = BUILT_PRODUCTS_DIR; };
/* End PBXFileReference section */

/* Begin PBXFrameworksBuildPhase section */
		D6EFB17E1E29CAC700396BFB /* Frameworks */ = {
			isa = PBXFrameworksBuildPhase;
			buildActionMask = 2147483647;
			files = (
				74271B961E2A2233004E4874 /* libxml2.tbd in Frameworks */,
				BB80C8E011510492E00B2C68 /* Pods_GitBook.framework in Frameworks */,
			);
			runOnlyForDeploymentPostprocessing = 0;
		};
/* End PBXFrameworksBuildPhase section */

/* Begin PBXGroup section */
		4D9746F73AC8A42E8CEE39A2 /* Pods */ = {
			isa = PBXGroup;
			children = (
				5617A0B202016AE722C6E441 /* Pods-GitBook.debug.xcconfig */,
				A3E59A4A57A37EC4EB34E5FC /* Pods-GitBook.release.xcconfig */,
			);
			name = Pods;
			sourceTree = "<group>";
		};
		BB947BD9422C513B2ACF380B /* Frameworks */ = {
			isa = PBXGroup;
			children = (
				74271B951E2A2233004E4874 /* libxml2.tbd */,
				FAA7F33FBCF2A2423C68469F /* Pods_GitBook.framework */,
			);
			name = Frameworks;
			sourceTree = "<group>";
		};
		D6EFB1781E29CAC700396BFB = {
			isa = PBXGroup;
			children = (
				D6EFB1831E29CAC700396BFB /* GitBook */,
				D6EFB1821E29CAC700396BFB /* Products */,
				4D9746F73AC8A42E8CEE39A2 /* Pods */,
				BB947BD9422C513B2ACF380B /* Frameworks */,
			);
			sourceTree = "<group>";
		};
		D6EFB1821E29CAC700396BFB /* Products */ = {
			isa = PBXGroup;
			children = (
				D6EFB1811E29CAC700396BFB /* GitBook.app */,
			);
			name = Products;
			sourceTree = "<group>";
		};
		D6EFB1831E29CAC700396BFB /* GitBook */ = {
			isa = PBXGroup;
			children = (
				D6EFB1841E29CAC700396BFB /* AppDelegate.swift */,
				D6EFB1861E29CAC700396BFB /* ViewController.swift */,
				F7D80FC71E2A29B500AE11D8 /* GitHubRepo.swift */,
				F7D80FC81E2A29B500AE11D8 /* GitHubUser.swift */,
				F7D80FC91E2A29B500AE11D8 /* MyGitHubLogin.swift */,
				D6EFB1881E29CAC700396BFB /* Main.storyboard */,
				D6EFB18B1E29CAC700396BFB /* Assets.xcassets */,
				D6EFB18D1E29CAC700396BFB /* LaunchScreen.storyboard */,
				D6EFB1901E29CAC700396BFB /* Info.plist */,
				74271B971E2A22F3004E4874 /* GitBook-Bridging-Header.h */,
			);
			path = GitBook;
			sourceTree = "<group>";
		};
/* End PBXGroup section */

/* Begin PBXNativeTarget section */
		D6EFB1801E29CAC700396BFB /* GitBook */ = {
			isa = PBXNativeTarget;
			buildConfigurationList = D6EFB1931E29CAC700396BFB /* Build configuration list for PBXNativeTarget "GitBook" */;
			buildPhases = (
				BE4293E748C1FAD3CCAE8686 /* [CP] Check Pods Manifest.lock */,
				D6EFB17D1E29CAC700396BFB /* Sources */,
				D6EFB17E1E29CAC700396BFB /* Frameworks */,
				D6EFB17F1E29CAC700396BFB /* Resources */,
				3E39FA6B413989CB6B45367E /* [CP] Embed Pods Frameworks */,
				3FD2D19EF819334525CAB19C /* [CP] Copy Pods Resources */,
			);
			buildRules = (
			);
			dependencies = (
			);
			name = GitBook;
			productName = GitBook;
			productReference = D6EFB1811E29CAC700396BFB /* GitBook.app */;
			productType = "com.apple.product-type.application";
		};
/* End PBXNativeTarget section */

/* Begin PBXProject section */
		D6EFB1791E29CAC700396BFB /* Project object */ = {
			isa = PBXProject;
			attributes = {
				LastSwiftUpdateCheck = 0810;
				LastUpgradeCheck = 0810;
				ORGANIZATIONNAME = "funhacks-1702";
				TargetAttributes = {
					D6EFB1801E29CAC700396BFB = {
						CreatedOnToolsVersion = 8.1;
						ProvisioningStyle = Automatic;
					};
				};
			};
			buildConfigurationList = D6EFB17C1E29CAC700396BFB /* Build configuration list for PBXProject "GitBook" */;
			compatibilityVersion = "Xcode 3.2";
			developmentRegion = English;
			hasScannedForEncodings = 0;
			knownRegions = (
				en,
				Base,
			);
			mainGroup = D6EFB1781E29CAC700396BFB;
			productRefGroup = D6EFB1821E29CAC700396BFB /* Products */;
			projectDirPath = "";
			projectRoot = "";
			targets = (
				D6EFB1801E29CAC700396BFB /* GitBook */,
			);
		};
/* End PBXProject section */

/* Begin PBXResourcesBuildPhase section */
		D6EFB17F1E29CAC700396BFB /* Resources */ = {
			isa = PBXResourcesBuildPhase;
			buildActionMask = 2147483647;
			files = (
				D6EFB18F1E29CAC700396BFB /* LaunchScreen.storyboard in Resources */,
				D6EFB18C1E29CAC700396BFB /* Assets.xcassets in Resources */,
				D6EFB18A1E29CAC700396BFB /* Main.storyboard in Resources */,
			);
			runOnlyForDeploymentPostprocessing = 0;
		};
/* End PBXResourcesBuildPhase section */

/* Begin PBXShellScriptBuildPhase section */
		3E39FA6B413989CB6B45367E /* [CP] Embed Pods Frameworks */ = {
			isa = PBXShellScriptBuildPhase;
			buildActionMask = 2147483647;
			files = (
			);
			inputPaths = (
			);
			name = "[CP] Embed Pods Frameworks";
			outputPaths = (
			);
			runOnlyForDeploymentPostprocessing = 0;
			shellPath = /bin/sh;
			shellScript = "\"${SRCROOT}/Pods/Target Support Files/Pods-GitBook/Pods-GitBook-frameworks.sh\"\n";
			showEnvVarsInLog = 0;
		};
		3FD2D19EF819334525CAB19C /* [CP] Copy Pods Resources */ = {
			isa = PBXShellScriptBuildPhase;
			buildActionMask = 2147483647;
			files = (
			);
			inputPaths = (
			);
			name = "[CP] Copy Pods Resources";
			outputPaths = (
			);
			runOnlyForDeploymentPostprocessing = 0;
			shellPath = /bin/sh;
			shellScript = "\"${SRCROOT}/Pods/Target Support Files/Pods-GitBook/Pods-GitBook-resources.sh\"\n";
			showEnvVarsInLog = 0;
		};
		BE4293E748C1FAD3CCAE8686 /* [CP] Check Pods Manifest.lock */ = {
			isa = PBXShellScriptBuildPhase;
			buildActionMask = 2147483647;
			files = (
			);
			inputPaths = (
			);
			name = "[CP] Check Pods Manifest.lock";
			outputPaths = (
			);
			runOnlyForDeploymentPostprocessing = 0;
			shellPath = /bin/sh;
			shellScript = "diff \"${PODS_ROOT}/../Podfile.lock\" \"${PODS_ROOT}/Manifest.lock\" > /dev/null\nif [ $? != 0 ] ; then\n    # print error to STDERR\n    echo \"error: The sandbox is not in sync with the Podfile.lock. Run 'pod install' or update your CocoaPods installation.\" >&2\n    exit 1\nfi\n";
			showEnvVarsInLog = 0;
		};
/* End PBXShellScriptBuildPhase section */

/* Begin PBXSourcesBuildPhase section */
		D6EFB17D1E29CAC700396BFB /* Sources */ = {
			isa = PBXSourcesBuildPhase;
			buildActionMask = 2147483647;
			files = (
				F7D80FCC1E2A29B500AE11D8 /* MyGitHubLogin.swift in Sources */,
				D6EFB1871E29CAC700396BFB /* ViewController.swift in Sources */,
				F7D80FCB1E2A29B500AE11D8 /* GitHubUser.swift in Sources */,
				F7D80FCA1E2A29B500AE11D8 /* GitHubRepo.swift in Sources */,
				D6EFB1851E29CAC700396BFB /* AppDelegate.swift in Sources */,
			);
			runOnlyForDeploymentPostprocessing = 0;
		};
/* End PBXSourcesBuildPhase section */

/* Begin PBXVariantGroup section */
		D6EFB1881E29CAC700396BFB /* Main.storyboard */ = {
			isa = PBXVariantGroup;
			children = (
				D6EFB1891E29CAC700396BFB /* Base */,
			);
			name = Main.storyboard;
			sourceTree = "<group>";
		};
		D6EFB18D1E29CAC700396BFB /* LaunchScreen.storyboard */ = {
			isa = PBXVariantGroup;
			children = (
				D6EFB18E1E29CAC700396BFB /* Base */,
			);
			name = LaunchScreen.storyboard;
			sourceTree = "<group>";
		};
/* End PBXVariantGroup section */

/* Begin XCBuildConfiguration section */
		D6EFB1911E29CAC700396BFB /* Debug */ = {
			isa = XCBuildConfiguration;
			buildSettings = {
				ALWAYS_SEARCH_USER_PATHS = NO;
				CLANG_ANALYZER_NONNULL = YES;
				CLANG_CXX_LANGUAGE_STANDARD = "gnu++0x";
				CLANG_CXX_LIBRARY = "libc++";
				CLANG_ENABLE_MODULES = YES;
				CLANG_ENABLE_OBJC_ARC = YES;
				CLANG_WARN_BOOL_CONVERSION = YES;
				CLANG_WARN_CONSTANT_CONVERSION = YES;
				CLANG_WARN_DIRECT_OBJC_ISA_USAGE = YES_ERROR;
				CLANG_WARN_DOCUMENTATION_COMMENTS = YES;
				CLANG_WARN_EMPTY_BODY = YES;
				CLANG_WARN_ENUM_CONVERSION = YES;
				CLANG_WARN_INFINITE_RECURSION = YES;
				CLANG_WARN_INT_CONVERSION = YES;
				CLANG_WARN_OBJC_ROOT_CLASS = YES_ERROR;
				CLANG_WARN_SUSPICIOUS_MOVES = YES;
				CLANG_WARN_UNREACHABLE_CODE = YES;
				CLANG_WARN__DUPLICATE_METHOD_MATCH = YES;
				"CODE_SIGN_IDENTITY[sdk=iphoneos*]" = "iPhone Developer";
				COPY_PHASE_STRIP = NO;
				DEBUG_INFORMATION_FORMAT = dwarf;
				ENABLE_STRICT_OBJC_MSGSEND = YES;
				ENABLE_TESTABILITY = YES;
				GCC_C_LANGUAGE_STANDARD = gnu99;
				GCC_DYNAMIC_NO_PIC = NO;
				GCC_NO_COMMON_BLOCKS = YES;
				GCC_OPTIMIZATION_LEVEL = 0;
				GCC_PREPROCESSOR_DEFINITIONS = (
					"DEBUG=1",
					"$(inherited)",
				);
				GCC_WARN_64_TO_32_BIT_CONVERSION = YES;
				GCC_WARN_ABOUT_RETURN_TYPE = YES_ERROR;
				GCC_WARN_UNDECLARED_SELECTOR = YES;
				GCC_WARN_UNINITIALIZED_AUTOS = YES_AGGRESSIVE;
				GCC_WARN_UNUSED_FUNCTION = YES;
				GCC_WARN_UNUSED_VARIABLE = YES;
				IPHONEOS_DEPLOYMENT_TARGET = 10.1;
				MTL_ENABLE_DEBUG_INFO = YES;
				ONLY_ACTIVE_ARCH = YES;
				SDKROOT = iphoneos;
				SWIFT_ACTIVE_COMPILATION_CONDITIONS = DEBUG;
				SWIFT_OPTIMIZATION_LEVEL = "-Onone";
			};
			name = Debug;
		};
		D6EFB1921E29CAC700396BFB /* Release */ = {
			isa = XCBuildConfiguration;
			buildSettings = {
				ALWAYS_SEARCH_USER_PATHS = NO;
				CLANG_ANALYZER_NONNULL = YES;
				CLANG_CXX_LANGUAGE_STANDARD = "gnu++0x";
				CLANG_CXX_LIBRARY = "libc++";
				CLANG_ENABLE_MODULES = YES;
				CLANG_ENABLE_OBJC_ARC = YES;
				CLANG_WARN_BOOL_CONVERSION = YES;
				CLANG_WARN_CONSTANT_CONVERSION = YES;
				CLANG_WARN_DIRECT_OBJC_ISA_USAGE = YES_ERROR;
				CLANG_WARN_DOCUMENTATION_COMMENTS = YES;
				CLANG_WARN_EMPTY_BODY = YES;
				CLANG_WARN_ENUM_CONVERSION = YES;
				CLANG_WARN_INFINITE_RECURSION = YES;
				CLANG_WARN_INT_CONVERSION = YES;
				CLANG_WARN_OBJC_ROOT_CLASS = YES_ERROR;
				CLANG_WARN_SUSPICIOUS_MOVES = YES;
				CLANG_WARN_UNREACHABLE_CODE = YES;
				CLANG_WARN__DUPLICATE_METHOD_MATCH = YES;
				"CODE_SIGN_IDENTITY[sdk=iphoneos*]" = "iPhone Developer";
				COPY_PHASE_STRIP = NO;
				DEBUG_INFORMATION_FORMAT = "dwarf-with-dsym";
				ENABLE_NS_ASSERTIONS = NO;
				ENABLE_STRICT_OBJC_MSGSEND = YES;
				GCC_C_LANGUAGE_STANDARD = gnu99;
				GCC_NO_COMMON_BLOCKS = YES;
				GCC_WARN_64_TO_32_BIT_CONVERSION = YES;
				GCC_WARN_ABOUT_RETURN_TYPE = YES_ERROR;
				GCC_WARN_UNDECLARED_SELECTOR = YES;
				GCC_WARN_UNINITIALIZED_AUTOS = YES_AGGRESSIVE;
				GCC_WARN_UNUSED_FUNCTION = YES;
				GCC_WARN_UNUSED_VARIABLE = YES;
				IPHONEOS_DEPLOYMENT_TARGET = 10.1;
				MTL_ENABLE_DEBUG_INFO = NO;
				SDKROOT = iphoneos;
				SWIFT_OPTIMIZATION_LEVEL = "-Owholemodule";
				VALIDATE_PRODUCT = YES;
			};
			name = Release;
		};
		D6EFB1941E29CAC700396BFB /* Debug */ = {
			isa = XCBuildConfiguration;
			baseConfigurationReference = 5617A0B202016AE722C6E441 /* Pods-GitBook.debug.xcconfig */;
			buildSettings = {
				ASSETCATALOG_COMPILER_APPICON_NAME = AppIcon;
				INFOPLIST_FILE = GitBook/Info.plist;
				LD_RUNPATH_SEARCH_PATHS = "$(inherited) @executable_path/Frameworks";
				PRODUCT_BUNDLE_IDENTIFIER = "io.github.funhacks-1702.GitBook";
				PRODUCT_NAME = "$(TARGET_NAME)";
				SWIFT_VERSION = 3.0;
			};
			name = Debug;
		};
		D6EFB1951E29CAC700396BFB /* Release */ = {
			isa = XCBuildConfiguration;
			baseConfigurationReference = A3E59A4A57A37EC4EB34E5FC /* Pods-GitBook.release.xcconfig */;
			buildSettings = {
				ASSETCATALOG_COMPILER_APPICON_NAME = AppIcon;
				INFOPLIST_FILE = GitBook/Info.plist;
				LD_RUNPATH_SEARCH_PATHS = "$(inherited) @executable_path/Frameworks";
				PRODUCT_BUNDLE_IDENTIFIER = "io.github.funhacks-1702.GitBook";
				PRODUCT_NAME = "$(TARGET_NAME)";
				SWIFT_VERSION = 3.0;
			};
			name = Release;
		};
/* End XCBuildConfiguration section */

/* Begin XCConfigurationList section */
		D6EFB17C1E29CAC700396BFB /* Build configuration list for PBXProject "GitBook" */ = {
			isa = XCConfigurationList;
			buildConfigurations = (
				D6EFB1911E29CAC700396BFB /* Debug */,
				D6EFB1921E29CAC700396BFB /* Release */,
			);
			defaultConfigurationIsVisible = 0;
			defaultConfigurationName = Release;
		};
		D6EFB1931E29CAC700396BFB /* Build configuration list for PBXNativeTarget "GitBook" */ = {
			isa = XCConfigurationList;
			buildConfigurations = (
				D6EFB1941E29CAC700396BFB /* Debug */,
				D6EFB1951E29CAC700396BFB /* Release */,
			);
			defaultConfigurationIsVisible = 0;
			defaultConfigurationName = Release;
		};
/* End XCConfigurationList section */
	};
	rootObject = D6EFB1791E29CAC700396BFB /* Project object */;
}
